
Microsoft Visual Studio Solution File, Format Version 12.00
# Visual Studio Version 17
VisualStudioVersion = 17.0.32014.148
MinimumVisualStudioVersion = 10.0.40219.1
Project("{2150E333-8FDC-42A3-9474-1A3956D46DE8}") = "FrontEnd", "FrontEnd", "{19F2362A-D5D6-4237-95FA-63E62E0A32BD}"
EndProject
Project("{2150E333-8FDC-42A3-9474-1A3956D46DE8}") = "Services", "Services", "{0ED4C8E2-A1DE-4405-9250-EC2EBF471692}"
EndProject
Project("{9A19103F-16F7-4668-BE54-9A1E7A4F7556}") = "GeekShopping.Web", "GeekShopping.Web\GeekShopping.Web.csproj", "{79FA856D-CC19-4BBD-A078-E806808B6316}"
EndProject
Project("{9A19103F-16F7-4668-BE54-9A1E7A4F7556}") = "GeekShopping.ProductAPI", "GeekShopping.ProductAPI\GeekShopping.ProductAPI.csproj", "{669E03ED-2D4B-4251-88DB-2BD6036489A9}"
EndProject
Project("{9A19103F-16F7-4668-BE54-9A1E7A4F7556}") = "GeekShopping.IdentityServer", "GeekShopping.IdentityServer\GeekShopping.IdentityServer.csproj", "{5B96FE13-FC6F-4295-8E96-4B19B2E6234F}"
EndProject
Project("{9A19103F-16F7-4668-BE54-9A1E7A4F7556}") = "GeekShopping.CartAPI", "GeekShopping.CartAPI\GeekShopping.CartAPI.csproj", "{0BAA392C-1C6E-41EF-8CB2-C520690AE515}"
EndProject
Project("{9A19103F-16F7-4668-BE54-9A1E7A4F7556}") = "GeekShopping.CouponAPI", "GeekShopping.CouponAPI\GeekShopping.CouponAPI.csproj", "{86F07A08-F713-49F8-AA58-A5A266ED71A0}"
EndProject
Project("{2150E333-8FDC-42A3-9474-1A3956D46DE8}") = "Integration", "Integration", "{0369EBDC-3A8A-4F3E-AB8A-D8E1E79E52A7}"
EndProject
Project("{9A19103F-16F7-4668-BE54-9A1E7A4F7556}") = "GeekShopping.MessageBus", "GeekShopping.MessageBus\GeekShopping.MessageBus.csproj", "{CD98330D-54FC-47A5-8022-2180ABDA1D9C}"
EndProject
Project("{9A19103F-16F7-4668-BE54-9A1E7A4F7556}") = "GeekShopping.OrderAPI", "GeekShopping.OrderAPI\GeekShopping.OrderAPI.csproj", "{C24E3EA2-71E7-41F9-9E50-AE59455E5C29}"
EndProject
Project("{2150E333-8FDC-42A3-9474-1A3956D46DE8}") = "Payments", "Payments", "{51ED6A2A-3AF0-4B6F-9534-63233256F226}"
EndProject
Project("{FAE04EC0-301F-11D3-BF4B-00C04F79EFBC}") = "GeekShopping.PaymentProcessor", "GeekShopping.PaymentProcessor\GeekShopping.PaymentProcessor.csproj", "{6146BE63-4DC6-45D0-9FCD-790C42D9F689}"
EndProject
Project("{FAE04EC0-301F-11D3-BF4B-00C04F79EFBC}") = "GeekShopping.PaymentAPI", "GeekShopping.PaymentAPI\GeekShopping.PaymentAPI.csproj", "{3F9BECB3-B53F-463B-9384-E7E94ABF3F98}"
EndProject
Project("{FAE04EC0-301F-11D3-BF4B-00C04F79EFBC}") = "GeekShopping.Email", "GeekShopping.Email\GeekShopping.Email.csproj", "{7DBAD985-2D61-4D0F-ACF9-D49F510D2416}"
EndProject
Project("{2150E333-8FDC-42A3-9474-1A3956D46DE8}") = "Gateway", "Gateway", "{984B2A3C-9345-4AB9-B088-C2CD534135E2}"
EndProject
Project("{FAE04EC0-301F-11D3-BF4B-00C04F79EFBC}") = "GeekShopping.APIGateway", "GeekShopping.APIGateway\GeekShopping.APIGateway.csproj", "{A9D02DCC-CB30-4D38-A370-C29E40C4E9B3}"
EndProject
Global
	GlobalSection(SolutionConfigurationPlatforms) = preSolution
		Debug|Any CPU = Debug|Any CPU
		Release|Any CPU = Release|Any CPU
	EndGlobalSection
	GlobalSection(ProjectConfigurationPlatforms) = postSolution
		{79FA856D-CC19-4BBD-A078-E806808B6316}.Debug|Any CPU.ActiveCfg = Debug|Any CPU
		{79FA856D-CC19-4BBD-A078-E806808B6316}.Debug|Any CPU.Build.0 = Debug|Any CPU
		{79FA856D-CC19-4BBD-A078-E806808B6316}.Release|Any CPU.ActiveCfg = Release|Any CPU
		{79FA856D-CC19-4BBD-A078-E806808B6316}.Release|Any CPU.Build.0 = Release|Any CPU
		{669E03ED-2D4B-4251-88DB-2BD6036489A9}.Debug|Any CPU.ActiveCfg = Debug|Any CPU
		{669E03ED-2D4B-4251-88DB-2BD6036489A9}.Debug|Any CPU.Build.0 = Debug|Any CPU
		{669E03ED-2D4B-4251-88DB-2BD6036489A9}.Release|Any CPU.ActiveCfg = Release|Any CPU
		{669E03ED-2D4B-4251-88DB-2BD6036489A9}.Release|Any CPU.Build.0 = Release|Any CPU
		{5B96FE13-FC6F-4295-8E96-4B19B2E6234F}.Debug|Any CPU.ActiveCfg = Debug|Any CPU
		{5B96FE13-FC6F-4295-8E96-4B19B2E6234F}.Debug|Any CPU.Build.0 = Debug|Any CPU
		{5B96FE13-FC6F-4295-8E96-4B19B2E6234F}.Release|Any CPU.ActiveCfg = Release|Any CPU
		{5B96FE13-FC6F-4295-8E96-4B19B2E6234F}.Release|Any CPU.Build.0 = Release|Any CPU
		{0BAA392C-1C6E-41EF-8CB2-C520690AE515}.Debug|Any CPU.ActiveCfg = Debug|Any CPU
		{0BAA392C-1C6E-41EF-8CB2-C520690AE515}.Debug|Any CPU.Build.0 = Debug|Any CPU
		{0BAA392C-1C6E-41EF-8CB2-C520690AE515}.Release|Any CPU.ActiveCfg = Release|Any CPU
		{0BAA392C-1C6E-41EF-8CB2-C520690AE515}.Release|Any CPU.Build.0 = Release|Any CPU
		{86F07A08-F713-49F8-AA58-A5A266ED71A0}.Debug|Any CPU.ActiveCfg = Debug|Any CPU
		{86F07A08-F713-49F8-AA58-A5A266ED71A0}.Debug|Any CPU.Build.0 = Debug|Any CPU
		{86F07A08-F713-49F8-AA58-A5A266ED71A0}.Release|Any CPU.ActiveCfg = Release|Any CPU
		{86F07A08-F713-49F8-AA58-A5A266ED71A0}.Release|Any CPU.Build.0 = Release|Any CPU
		{CD98330D-54FC-47A5-8022-2180ABDA1D9C}.Debug|Any CPU.ActiveCfg = Debug|Any CPU
		{CD98330D-54FC-47A5-8022-2180ABDA1D9C}.Debug|Any CPU.Build.0 = Debug|Any CPU
		{CD98330D-54FC-47A5-8022-2180ABDA1D9C}.Release|Any CPU.ActiveCfg = Release|Any CPU
		{CD98330D-54FC-47A5-8022-2180ABDA1D9C}.Release|Any CPU.Build.0 = Release|Any CPU
		{C24E3EA2-71E7-41F9-9E50-AE59455E5C29}.Debug|Any CPU.ActiveCfg = Debug|Any CPU
		{C24E3EA2-71E7-41F9-9E50-AE59455E5C29}.Debug|Any CPU.Build.0 = Debug|Any CPU
		{C24E3EA2-71E7-41F9-9E50-AE59455E5C29}.Release|Any CPU.ActiveCfg = Release|Any CPU
		{C24E3EA2-71E7-41F9-9E50-AE59455E5C29}.Release|Any CPU.Build.0 = Release|Any CPU
		{6146BE63-4DC6-45D0-9FCD-790C42D9F689}.Debug|Any CPU.ActiveCfg = Debug|Any CPU
		{6146BE63-4DC6-45D0-9FCD-790C42D9F689}.Debug|Any CPU.Build.0 = Debug|Any CPU
		{6146BE63-4DC6-45D0-9FCD-790C42D9F689}.Release|Any CPU.ActiveCfg = Release|Any CPU
		{6146BE63-4DC6-45D0-9FCD-790C42D9F689}.Release|Any CPU.Build.0 = Release|Any CPU
		{3F9BECB3-B53F-463B-9384-E7E94ABF3F98}.Debug|Any CPU.ActiveCfg = Debug|Any CPU
		{3F9BECB3-B53F-463B-9384-E7E94ABF3F98}.Debug|Any CPU.Build.0 = Debug|Any CPU
		{3F9BECB3-B53F-463B-9384-E7E94ABF3F98}.Release|Any CPU.ActiveCfg = Release|Any CPU
		{3F9BECB3-B53F-463B-9384-E7E94ABF3F98}.Release|Any CPU.Build.0 = Release|Any CPU
		{7DBAD985-2D61-4D0F-ACF9-D49F510D2416}.Debug|Any CPU.ActiveCfg = Debug|Any CPU
		{7DBAD985-2D61-4D0F-ACF9-D49F510D2416}.Debug|Any CPU.Build.0 = Debug|Any CPU
		{7DBAD985-2D61-4D0F-ACF9-D49F510D2416}.Release|Any CPU.ActiveCfg = Release|Any CPU
		{7DBAD985-2D61-4D0F-ACF9-D49F510D2416}.Release|Any CPU.Build.0 = Release|Any CPU
		{A9D02DCC-CB30-4D38-A370-C29E40C4E9B3}.Debug|Any CPU.ActiveCfg = Debug|Any CPU
		{A9D02DCC-CB30-4D38-A370-C29E40C4E9B3}.Debug|Any CPU.Build.0 = Debug|Any CPU
		{A9D02DCC-CB30-4D38-A370-C29E40C4E9B3}.Release|Any CPU.ActiveCfg = Release|Any CPU
		{A9D02DCC-CB30-4D38-A370-C29E40C4E9B3}.Release|Any CPU.Build.0 = Release|Any CPU
	EndGlobalSection
	GlobalSection(SolutionProperties) = preSolution
		HideSolutionNode = FALSE
	EndGlobalSection
	GlobalSection(NestedProjects) = preSolution
		{79FA856D-CC19-4BBD-A078-E806808B6316} = {19F2362A-D5D6-4237-95FA-63E62E0A32BD}
		{669E03ED-2D4B-4251-88DB-2BD6036489A9} = {0ED4C8E2-A1DE-4405-9250-EC2EBF471692}
		{5B96FE13-FC6F-4295-8E96-4B19B2E6234F} = {0ED4C8E2-A1DE-4405-9250-EC2EBF471692}
		{0BAA392C-1C6E-41EF-8CB2-C520690AE515} = {0ED4C8E2-A1DE-4405-9250-EC2EBF471692}
		{86F07A08-F713-49F8-AA58-A5A266ED71A0} = {0ED4C8E2-A1DE-4405-9250-EC2EBF471692}
		{CD98330D-54FC-47A5-8022-2180ABDA1D9C} = {0369EBDC-3A8A-4F3E-AB8A-D8E1E79E52A7}
		{C24E3EA2-71E7-41F9-9E50-AE59455E5C29} = {0ED4C8E2-A1DE-4405-9250-EC2EBF471692}
		{6146BE63-4DC6-45D0-9FCD-790C42D9F689} = {51ED6A2A-3AF0-4B6F-9534-63233256F226}
		{3F9BECB3-B53F-463B-9384-E7E94ABF3F98} = {0ED4C8E2-A1DE-4405-9250-EC2EBF471692}
		{7DBAD985-2D61-4D0F-ACF9-D49F510D2416} = {0ED4C8E2-A1DE-4405-9250-EC2EBF471692}
		{A9D02DCC-CB30-4D38-A370-C29E40C4E9B3} = {984B2A3C-9345-4AB9-B088-C2CD534135E2}
	EndGlobalSection
	GlobalSection(ExtensibilityGlobals) = postSolution
		SolutionGuid = {59827DC7-D531-4D83-940F-9421135F405F}
	EndGlobalSection
EndGlobal
